
Microsoft Visual Studio Solution File, Format Version 12.00
# Visual Studio Version 16
VisualStudioVersion = 16.0.31129.286
MinimumVisualStudioVersion = 10.0.40219.1
Project("{FAE04EC0-301F-11D3-BF4B-00C04F79EFBC}") = "DEMOBT", "DEMOBT\DEMOBT.csproj", "{F05184B6-A529-4C9B-A47F-F7663CBC43C1}"
EndProject
Global
	GlobalSection(SolutionConfigurationPlatforms) = preSolution
		Debug|Any CPU = Debug|Any CPU
		Release|Any CPU = Release|Any CPU
	EndGlobalSection
	GlobalSection(ProjectConfigurationPlatforms) = postSolution
		{F05184B6-A529-4C9B-A47F-F7663CBC43C1}.Debug|Any CPU.ActiveCfg = Debug|Any CPU
		{F05184B6-A529-4C9B-A47F-F7663CBC43C1}.Debug|Any CPU.Build.0 = Debug|Any CPU
		{F05184B6-A529-4C9B-A47F-F7663CBC43C1}.Release|Any CPU.ActiveCfg = Release|Any CPU
		{F05184B6-A529-4C9B-A47F-F7663CBC43C1}.Release|Any CPU.Build.0 = Release|Any CPU
	EndGlobalSection
	GlobalSection(SolutionProperties) = preSolution
		HideSolutionNode = FALSE
	EndGlobalSection
	GlobalSection(ExtensibilityGlobals) = postSolution
		SolutionGuid = {74287ABA-C7F9-40D5-BD86-63A576EFBD78}
	EndGlobalSection
EndGlobal
